<?xml version="1.0" encoding="UTF-8" standalone="yes" ?>
<CodeBlocks_project_file>
	<FileVersion major="1" minor="6" />
	<Project>
		<Option title="701N_makelib" />
		<Option compiler="pi32v2_r3_large_lto_compiler" />
		<Build>
			<Target title="Release">
				<Option output="output/libsdk.a" prefix_auto="0" extension_auto="0" />
				<Option working_dir="" />
				<Option object_output="obj/Release/" />
				<Option type="2" />
				<Option compiler="pi32v2_r3_large_lto_compiler" />
				<Compiler>
					<Add option="-Wuninitialized" />
					<Add option="-Wno-invalid-noreturn" />
					<Add option="-fno-common" />
					<Add option="-integrated-as" />
					<Add option="-Oz" />
					<Add option="-g" />
					<Add option="-flto" />
					<Add option="-fallow-pointer-null" />
					<Add option="-fprefer-gnu-section" />
					<Add option="-Wno-shift-negative-value" />
					<Add option="-Wundef" />
					<Add option="-Wframe-larger-than=256" />
					<Add option="-Wincompatible-pointer-types" />
					<Add option="-Wreturn-type" />
					<Add option="-Wimplicit-function-declaration" />
					<Add option="-fms-extensions" />
					<Add option="-DSUPPORT_MS_EXTENSIONS" />
					<Add option="-fdiscrete-bitfield-abi" />
					<Add option="-D_XOPEN_SOURCE=700" />
					<Add option="-D_LIBCPP_HAS_NO_THREADS" />
					<Add option="-D_LIBCPP_NO_EXCEPTIONS" />
					<Add option="-D_GNU_SOURCE" />
					<Add option="-D_LIBCPP_HAS_NO_ALIGNED_ALLOCATION" />
					<Add option="-D__ELF__" />
					<Add option="-std=c++11 -fno-exceptions" />
					<Add option="-w" />
					<Add option="-DCONFIG_CPU_BR28" />
					<Add option="-D__GCC_PI32V2__" />

					<Add option="-D__LD__" />
					<Add directory="include_lib" />
					<Add directory="include_lib/driver/cpu/br28" />
					<Add directory="include_lib/system" />
					<Add directory="include_lib/system/generic" />
					<Add directory="include_lib/system/device" />
					<Add directory="include_lib/system/fs" />
					<Add directory="include_lib/media" />
					<Add directory="include_lib/media/cpu/br28" />
					<Add directory="include_lib/media/aec" />
					<Add directory="include_lib/btctrler" />
					<Add directory="include_lib/btctrler/port/br28" />
					<Add directory="include_lib/update" />
					<Add directory="apps/watch/include" />
					<Add directory="apps/common/ble/include" />
					<Add directory="apps/common/adsp/include" />
					<Add directory="apps/earphone/board/br28" />
					<Add directory="cpu/br28" />
					<Add directory="apps/include" />
					<Add directory="apps/include/led7_driver" />
					<Add directory="cxx/include" />
				</Compiler>
				<Linker>
					<Add option="--plugin-opt=-pi32v2-always-use-itblock=false" />
					<Add option="--plugin-opt=-enable-ipra=true" />
					<Add option="--plugin-opt=-pi32v2-merge-max-offset=4096" />
					<Add option="--plugin-opt=-pi32v2-enable-simd=true" />
					<Add option="--plugin-opt=mcpu=r3" />
					<Add option="--plugin-opt=-global-merge-on-const" />
					<Add option="--plugin-opt=-inline-threshold=5" />
					<Add option="--plugin-opt=-inline-max-allocated-size=32" />
					<Add option="--plugin-opt=-inline-normal-into-special-section=true" />
					<Add option="--plugin-opt=-dont-used-symbol-list=malloc,free,sprintf,printf,puts,putchar" />
					<Add option="--plugin-opt=save-temps" />
					<Add option="--plugin-opt=-pi32v2-enable-rep-memop" />
					<Add option="--plugin-opt=-warn-stack-size=256" />
					<Add option="--sort-common" />
					<Add option="--plugin-opt=-used-symbol-file=cpu/br28/sdk_used_list.used" />
					<Add option="--plugin-opt=-pi32v2-large-program=true" />
					<Add option="--gc-sections" />
					<Add option="--start-group" />
					<Add option="include_lib/liba/br28/cpu.a" />
					<Add option="cxx/lib/libcxx.a" />
					<Add option="--end-group" />
					<Add option="-Tcpu/br28/sdk.ld" />
					<Add option="-M=cpu/br28/tools/sdk.map" />
				</Linker>
			</Target>
		</Build>
		<Unit filename="lib/main.cpp" />
		<Extensions>
			<code_completion />
			<envvars />
			<debugger />
		</Extensions>
	</Project>
</CodeBlocks_project_file>
